// !$*UTF8*$!
{
	archiveVersion = 1;
	classes = {
	};
	objectVersion = 77;
	objects = {

/* Begin PBXBuildFile section */
		03662B17E01E8878C35E4F1C /* Assets.xcassets in Resources */ = {isa = PBXBuildFile; fileRef = 91C4B697C05D869057F0987D /* Assets.xcassets */; };
		1ADE8FAF71612F864FEE8ECE /* highlight-github-dark.css in Resources */ = {isa = PBXBuildFile; fileRef = 1E667F2B55F149B8B84F82A6 /* highlight-github-dark.css */; };
		1C38B4F36231910110F7A914 /* preview.html in Resources */ = {isa = PBXBuildFile; fileRef = 4B561E95D4411E64ACD65FFA /* preview.html */; };
		27645E6618F39052A6EA5112 /* mermaid.min.js in Resources */ = {isa = PBXBuildFile; fileRef = 8C4279291B38384200DC0ED7 /* mermaid.min.js */; };
		2D376B69B6BB2D3479C0E888 /* marked.min.js in Resources */ = {isa = PBXBuildFile; fileRef = 9BD63FB0C10885B6AC27B18C /* marked.min.js */; };
		395F6F4C5714EA9A32868686 /* PreviewView.swift in Sources */ = {isa = PBXBuildFile; fileRef = C96A127F1DF08DC0942CCDE2 /* PreviewView.swift */; };
		4913E3E042BE5D79D4A2E21E /* WebViewPrewarmer.swift in Sources */ = {isa = PBXBuildFile; fileRef = 1EDCBDF8383F57432E097047 /* WebViewPrewarmer.swift */; };
		4FB2791CD85D2E0947812398 /* EditView.swift in Sources */ = {isa = PBXBuildFile; fileRef = A1F6B86A64108045E28EE7DE /* EditView.swift */; };
		5CE0E8B0D0E971E5E99111EC /* highlight-github.css in Resources */ = {isa = PBXBuildFile; fileRef = CE6818521117AE0878C221A4 /* highlight-github.css */; };
		7E8A953592513F1414EF1CBB /* MarkflowApp.swift in Sources */ = {isa = PBXBuildFile; fileRef = B96448590D3A726722BFA597 /* MarkflowApp.swift */; };
		82E44933A76399EF81171A06 /* welcome.md in Resources */ = {isa = PBXBuildFile; fileRef = 36FF6F883E08456B1A6C45B9 /* welcome.md */; };
		915F0ABFA148F03F984819DC /* DocumentView.swift in Sources */ = {isa = PBXBuildFile; fileRef = BFFA675B2F8EB1DFB255B70F /* DocumentView.swift */; };
		A0DC83F5A72B30C24D9506AE /* highlight.min.js in Resources */ = {isa = PBXBuildFile; fileRef = B5A3CDF1D48F9F8AF284318C /* highlight.min.js */; };
		DC71C81B77135BE7BAE92D5D /* preview.js in Resources */ = {isa = PBXBuildFile; fileRef = E5DC9E1E126C7B4CC6F8D12F /* preview.js */; };
		E7440F9CBE19F192191DA3EF /* HomeView.swift in Sources */ = {isa = PBXBuildFile; fileRef = 0FC466180FA15E44EBC9BBF8 /* HomeView.swift */; };
/* End PBXBuildFile section */

/* Begin PBXFileReference section */
		0C50858AC1E06350E38CB309 /* Info.plist */ = {isa = PBXFileReference; lastKnownFileType = text.plist; path = Info.plist; sourceTree = "<group>"; };
		0FC466180FA15E44EBC9BBF8 /* HomeView.swift */ = {isa = PBXFileReference; lastKnownFileType = sourcecode.swift; path = HomeView.swift; sourceTree = "<group>"; };
		1E667F2B55F149B8B84F82A6 /* highlight-github-dark.css */ = {isa = PBXFileReference; lastKnownFileType = text.css; path = "highlight-github-dark.css"; sourceTree = "<group>"; };
		1EDCBDF8383F57432E097047 /* WebViewPrewarmer.swift */ = {isa = PBXFileReference; lastKnownFileType = sourcecode.swift; path = WebViewPrewarmer.swift; sourceTree = "<group>"; };
		36FF6F883E08456B1A6C45B9 /* welcome.md */ = {isa = PBXFileReference; lastKnownFileType = net.daringfireball.markdown; path = welcome.md; sourceTree = "<group>"; };
		4B561E95D4411E64ACD65FFA /* preview.html */ = {isa = PBXFileReference; lastKnownFileType = text.html; path = preview.html; sourceTree = "<group>"; };
		8C4279291B38384200DC0ED7 /* mermaid.min.js */ = {isa = PBXFileReference; lastKnownFileType = sourcecode.javascript; path = mermaid.min.js; sourceTree = "<group>"; };
		91C4B697C05D869057F0987D /* Assets.xcassets */ = {isa = PBXFileReference; lastKnownFileType = folder.assetcatalog; path = Assets.xcassets; sourceTree = "<group>"; };
		9BD63FB0C10885B6AC27B18C /* marked.min.js */ = {isa = PBXFileReference; lastKnownFileType = sourcecode.javascript; path = marked.min.js; sourceTree = "<group>"; };
		A1F6B86A64108045E28EE7DE /* EditView.swift */ = {isa = PBXFileReference; lastKnownFileType = sourcecode.swift; path = EditView.swift; sourceTree = "<group>"; };
		B5A3CDF1D48F9F8AF284318C /* highlight.min.js */ = {isa = PBXFileReference; lastKnownFileType = sourcecode.javascript; path = highlight.min.js; sourceTree = "<group>"; };
		B96448590D3A726722BFA597 /* MarkflowApp.swift */ = {isa = PBXFileReference; lastKnownFileType = sourcecode.swift; path = MarkflowApp.swift; sourceTree = "<group>"; };
		BFFA675B2F8EB1DFB255B70F /* DocumentView.swift */ = {isa = PBXFileReference; lastKnownFileType = sourcecode.swift; path = DocumentView.swift; sourceTree = "<group>"; };
		C11F2D8BB2D849BE27ECEAC1 /* Markflow.app */ = {isa = PBXFileReference; includeInIndex = 0; lastKnownFileType = wrapper.application; path = Markflow.app; sourceTree = BUILT_PRODUCTS_DIR; };
		C96A127F1DF08DC0942CCDE2 /* PreviewView.swift */ = {isa = PBXFileReference; lastKnownFileType = sourcecode.swift; path = PreviewView.swift; sourceTree = "<group>"; };
		CE6818521117AE0878C221A4 /* highlight-github.css */ = {isa = PBXFileReference; lastKnownFileType = text.css; path = "highlight-github.css"; sourceTree = "<group>"; };
		E5DC9E1E126C7B4CC6F8D12F /* preview.js */ = {isa = PBXFileReference; lastKnownFileType = sourcecode.javascript; path = preview.js; sourceTree = "<group>"; };
/* End PBXFileReference section */

/* Begin PBXGroup section */
		264C903D94BD91CE02E12307 /* Views */ = {
			isa = PBXGroup;
			children = (
				BFFA675B2F8EB1DFB255B70F /* DocumentView.swift */,
				A1F6B86A64108045E28EE7DE /* EditView.swift */,
				0FC466180FA15E44EBC9BBF8 /* HomeView.swift */,
				C96A127F1DF08DC0942CCDE2 /* PreviewView.swift */,
				1EDCBDF8383F57432E097047 /* WebViewPrewarmer.swift */,
			);
			path = Views;
			sourceTree = "<group>";
		};
		5E84B632DF95956E659CCA61 /* Resources */ = {
			isa = PBXGroup;
			children = (
				1E667F2B55F149B8B84F82A6 /* highlight-github-dark.css */,
				CE6818521117AE0878C221A4 /* highlight-github.css */,
				B5A3CDF1D48F9F8AF284318C /* highlight.min.js */,
				9BD63FB0C10885B6AC27B18C /* marked.min.js */,
				8C4279291B38384200DC0ED7 /* mermaid.min.js */,
				4B561E95D4411E64ACD65FFA /* preview.html */,
				E5DC9E1E126C7B4CC6F8D12F /* preview.js */,
				36FF6F883E08456B1A6C45B9 /* welcome.md */,
			);
			path = Resources;
			sourceTree = "<group>";
		};
		A2660238DDB336B206C22771 /* Markflow */ = {
			isa = PBXGroup;
			children = (
				91C4B697C05D869057F0987D /* Assets.xcassets */,
				0C50858AC1E06350E38CB309 /* Info.plist */,
				B96448590D3A726722BFA597 /* MarkflowApp.swift */,
				5E84B632DF95956E659CCA61 /* Resources */,
				264C903D94BD91CE02E12307 /* Views */,
			);
			path = Markflow;
			sourceTree = "<group>";
		};
		B7B2A318FC58BE6BA870DC45 /* Products */ = {
			isa = PBXGroup;
			children = (
				C11F2D8BB2D849BE27ECEAC1 /* Markflow.app */,
			);
			name = Products;
			sourceTree = "<group>";
		};
		D0AFB2DC75B4708C6CCE3FA3 = {
			isa = PBXGroup;
			children = (
				A2660238DDB336B206C22771 /* Markflow */,
				B7B2A318FC58BE6BA870DC45 /* Products */,
			);
			sourceTree = "<group>";
		};
/* End PBXGroup section */

/* Begin PBXNativeTarget section */
		150E906E66BA51522CED860C /* Markflow */ = {
			isa = PBXNativeTarget;
			buildConfigurationList = 00866C12736497913E69330D /* Build configuration list for PBXNativeTarget "Markflow" */;
			buildPhases = (
				F70D41FAFDA72CDA0D6AACE6 /* Sources */,
				86A27C9F49B7A7EB0CCF770A /* Resources */,
			);
			buildRules = (
			);
			dependencies = (
			);
			name = Markflow;
			packageProductDependencies = (
			);
			productName = Markflow;
			productReference = C11F2D8BB2D849BE27ECEAC1 /* Markflow.app */;
			productType = "com.apple.product-type.application";
		};
/* End PBXNativeTarget section */

/* Begin PBXProject section */
		B4A443FCD5BE656F34D635D5 /* Project object */ = {
			isa = PBXProject;
			attributes = {
				BuildIndependentTargetsInParallel = YES;
				LastUpgradeCheck = 2600;
				TargetAttributes = {
					150E906E66BA51522CED860C = {
						DevelopmentTeam = 3KBA253B3F;
						ProvisioningStyle = Automatic;
					};
				};
			};
			buildConfigurationList = 802891772E05CEC2F031AA7E /* Build configuration list for PBXProject "Markflow" */;
			compatibilityVersion = "Xcode 14.0";
			developmentRegion = en;
			hasScannedForEncodings = 0;
			knownRegions = (
				Base,
				en,
			);
			mainGroup = D0AFB2DC75B4708C6CCE3FA3;
			minimizedProjectReferenceProxies = 1;
			preferredProjectObjectVersion = 77;
			projectDirPath = "";
			projectRoot = "";
			targets = (
				150E906E66BA51522CED860C /* Markflow */,
			);
		};
/* End PBXProject section */

/* Begin PBXResourcesBuildPhase section */
		86A27C9F49B7A7EB0CCF770A /* Resources */ = {
			isa = PBXResourcesBuildPhase;
			buildActionMask = 2147483647;
			files = (
				03662B17E01E8878C35E4F1C /* Assets.xcassets in Resources */,
				1ADE8FAF71612F864FEE8ECE /* highlight-github-dark.css in Resources */,
				5CE0E8B0D0E971E5E99111EC /* highlight-github.css in Resources */,
				A0DC83F5A72B30C24D9506AE /* highlight.min.js in Resources */,
				2D376B69B6BB2D3479C0E888 /* marked.min.js in Resources */,
				27645E6618F39052A6EA5112 /* mermaid.min.js in Resources */,
				1C38B4F36231910110F7A914 /* preview.html in Resources */,
				DC71C81B77135BE7BAE92D5D /* preview.js in Resources */,
				82E44933A76399EF81171A06 /* welcome.md in Resources */,
			);
			runOnlyForDeploymentPostprocessing = 0;
		};
/* End PBXResourcesBuildPhase section */

/* Begin PBXSourcesBuildPhase section */
		F70D41FAFDA72CDA0D6AACE6 /* Sources */ = {
			isa = PBXSourcesBuildPhase;
			buildActionMask = 2147483647;
			files = (
				915F0ABFA148F03F984819DC /* DocumentView.swift in Sources */,
				4FB2791CD85D2E0947812398 /* EditView.swift in Sources */,
				E7440F9CBE19F192191DA3EF /* HomeView.swift in Sources */,
				7E8A953592513F1414EF1CBB /* MarkflowApp.swift in Sources */,
				395F6F4C5714EA9A32868686 /* PreviewView.swift in Sources */,
				4913E3E042BE5D79D4A2E21E /* WebViewPrewarmer.swift in Sources */,
			);
			runOnlyForDeploymentPostprocessing = 0;
		};
/* End PBXSourcesBuildPhase section */

/* Begin XCBuildConfiguration section */
		361986C6E2C65E919F561465 /* Debug */ = {
			isa = XCBuildConfiguration;
			buildSettings = {
				ALWAYS_SEARCH_USER_PATHS = NO;
				CLANG_ANALYZER_NONNULL = YES;
				CLANG_ANALYZER_NUMBER_OBJECT_CONVERSION = YES_AGGRESSIVE;
				CLANG_CXX_LANGUAGE_STANDARD = "gnu++14";
				CLANG_CXX_LIBRARY = "libc++";
				CLANG_ENABLE_MODULES = YES;
				CLANG_ENABLE_OBJC_ARC = YES;
				CLANG_ENABLE_OBJC_WEAK = YES;
				CLANG_WARN_BLOCK_CAPTURE_AUTORELEASING = YES;
				CLANG_WARN_BOOL_CONVERSION = YES;
				CLANG_WARN_COMMA = YES;
				CLANG_WARN_CONSTANT_CONVERSION = YES;
				CLANG_WARN_DEPRECATED_OBJC_IMPLEMENTATIONS = YES;
				CLANG_WARN_DIRECT_OBJC_ISA_USAGE = YES_ERROR;
				CLANG_WARN_DOCUMENTATION_COMMENTS = YES;
				CLANG_WARN_EMPTY_BODY = YES;
				CLANG_WARN_ENUM_CONVERSION = YES;
				CLANG_WARN_INFINITE_RECURSION = YES;
				CLANG_WARN_INT_CONVERSION = YES;
				CLANG_WARN_NON_LITERAL_NULL_CONVERSION = YES;
				CLANG_WARN_OBJC_IMPLICIT_RETAIN_SELF = YES;
				CLANG_WARN_OBJC_LITERAL_CONVERSION = YES;
				CLANG_WARN_OBJC_ROOT_CLASS = YES_ERROR;
				CLANG_WARN_QUOTED_INCLUDE_IN_FRAMEWORK_HEADER = YES;
				CLANG_WARN_RANGE_LOOP_ANALYSIS = YES;
				CLANG_WARN_STRICT_PROTOTYPES = YES;
				CLANG_WARN_SUSPICIOUS_MOVE = YES;
				CLANG_WARN_UNGUARDED_AVAILABILITY = YES_AGGRESSIVE;
				CLANG_WARN_UNREACHABLE_CODE = YES;
				CLANG_WARN__DUPLICATE_METHOD_MATCH = YES;
				CODE_SIGN_STYLE = Automatic;
				COPY_PHASE_STRIP = NO;
				DEBUG_INFORMATION_FORMAT = dwarf;
				DEVELOPMENT_TEAM = 3KBA253B3F;
				ENABLE_STRICT_OBJC_MSGSEND = YES;
				ENABLE_TESTABILITY = YES;
				ENABLE_USER_SCRIPT_SANDBOXING = YES;
				GCC_C_LANGUAGE_STANDARD = gnu11;
				GCC_DYNAMIC_NO_PIC = NO;
				GCC_NO_COMMON_BLOCKS = YES;
				GCC_OPTIMIZATION_LEVEL = 0;
				GCC_PREPROCESSOR_DEFINITIONS = (
					"$(inherited)",
					"DEBUG=1",
				);
				GCC_WARN_64_TO_32_BIT_CONVERSION = YES;
				GCC_WARN_ABOUT_RETURN_TYPE = YES_ERROR;
				GCC_WARN_UNDECLARED_SELECTOR = YES;
				GCC_WARN_UNINITIALIZED_AUTOS = YES_AGGRESSIVE;
				GCC_WARN_UNUSED_FUNCTION = YES;
				GCC_WARN_UNUSED_VARIABLE = YES;
				IPHONEOS_DEPLOYMENT_TARGET = 26.0;
				MTL_ENABLE_DEBUG_INFO = INCLUDE_SOURCE;
				MTL_FAST_MATH = YES;
				ONLY_ACTIVE_ARCH = YES;
				PRODUCT_NAME = "$(TARGET_NAME)";
				SDKROOT = iphoneos;
				SWIFT_ACTIVE_COMPILATION_CONDITIONS = DEBUG;
				SWIFT_OPTIMIZATION_LEVEL = "-Onone";
				SWIFT_VERSION = 5.0;
				TARGETED_DEVICE_FAMILY = 1;
			};
			name = Debug;
		};
		5AC59CD9CBFF1AACCD470D1D /* Debug */ = {
			isa = XCBuildConfiguration;
			buildSettings = {
				ASSETCATALOG_COMPILER_APPICON_NAME = AppIcon;
				CODE_SIGN_IDENTITY = "iPhone Developer";
				CURRENT_PROJECT_VERSION = 1;
				GENERATE_INFOPLIST_FILE = NO;
				INFOPLIST_FILE = Markflow/Info.plist;
				LD_RUNPATH_SEARCH_PATHS = (
					"$(inherited)",
					"@executable_path/Frameworks",
				);
				MARKETING_VERSION = 0.1.0;
				PRODUCT_BUNDLE_IDENTIFIER = com.san.markflow;
				PRODUCT_NAME = Markflow;
				SDKROOT = iphoneos;
				TARGETED_DEVICE_FAMILY = "1,2";
			};
			name = Debug;
		};
		6E6D252C4969A052D8D13B8F /* Release */ = {
			isa = XCBuildConfiguration;
			buildSettings = {
				ASSETCATALOG_COMPILER_APPICON_NAME = AppIcon;
				CODE_SIGN_IDENTITY = "iPhone Developer";
				CURRENT_PROJECT_VERSION = 1;
				GENERATE_INFOPLIST_FILE = NO;
				INFOPLIST_FILE = Markflow/Info.plist;
				LD_RUNPATH_SEARCH_PATHS = (
					"$(inherited)",
					"@executable_path/Frameworks",
				);
				MARKETING_VERSION = 0.1.0;
				PRODUCT_BUNDLE_IDENTIFIER = com.san.markflow;
				PRODUCT_NAME = Markflow;
				SDKROOT = iphoneos;
				TARGETED_DEVICE_FAMILY = "1,2";
			};
			name = Release;
		};
		CA03214ABBEA8ECE09412065 /* Release */ = {
			isa = XCBuildConfiguration;
			buildSettings = {
				ALWAYS_SEARCH_USER_PATHS = NO;
				CLANG_ANALYZER_NONNULL = YES;
				CLANG_ANALYZER_NUMBER_OBJECT_CONVERSION = YES_AGGRESSIVE;
				CLANG_CXX_LANGUAGE_STANDARD = "gnu++14";
				CLANG_CXX_LIBRARY = "libc++";
				CLANG_ENABLE_MODULES = YES;
				CLANG_ENABLE_OBJC_ARC = YES;
				CLANG_ENABLE_OBJC_WEAK = YES;
				CLANG_WARN_BLOCK_CAPTURE_AUTORELEASING = YES;
				CLANG_WARN_BOOL_CONVERSION = YES;
				CLANG_WARN_COMMA = YES;
				CLANG_WARN_CONSTANT_CONVERSION = YES;
				CLANG_WARN_DEPRECATED_OBJC_IMPLEMENTATIONS = YES;
				CLANG_WARN_DIRECT_OBJC_ISA_USAGE = YES_ERROR;
				CLANG_WARN_DOCUMENTATION_COMMENTS = YES;
				CLANG_WARN_EMPTY_BODY = YES;
				CLANG_WARN_ENUM_CONVERSION = YES;
				CLANG_WARN_INFINITE_RECURSION = YES;
				CLANG_WARN_INT_CONVERSION = YES;
				CLANG_WARN_NON_LITERAL_NULL_CONVERSION = YES;
				CLANG_WARN_OBJC_IMPLICIT_RETAIN_SELF = YES;
				CLANG_WARN_OBJC_LITERAL_CONVERSION = YES;
				CLANG_WARN_OBJC_ROOT_CLASS = YES_ERROR;
				CLANG_WARN_QUOTED_INCLUDE_IN_FRAMEWORK_HEADER = YES;
				CLANG_WARN_RANGE_LOOP_ANALYSIS = YES;
				CLANG_WARN_STRICT_PROTOTYPES = YES;
				CLANG_WARN_SUSPICIOUS_MOVE = YES;
				CLANG_WARN_UNGUARDED_AVAILABILITY = YES_AGGRESSIVE;
				CLANG_WARN_UNREACHABLE_CODE = YES;
				CLANG_WARN__DUPLICATE_METHOD_MATCH = YES;
				CODE_SIGN_STYLE = Automatic;
				COPY_PHASE_STRIP = NO;
				DEBUG_INFORMATION_FORMAT = "dwarf-with-dsym";
				DEVELOPMENT_TEAM = 3KBA253B3F;
				ENABLE_NS_ASSERTIONS = NO;
				ENABLE_STRICT_OBJC_MSGSEND = YES;
				ENABLE_USER_SCRIPT_SANDBOXING = YES;
				GCC_C_LANGUAGE_STANDARD = gnu11;
				GCC_NO_COMMON_BLOCKS = YES;
				GCC_WARN_64_TO_32_BIT_CONVERSION = YES;
				GCC_WARN_ABOUT_RETURN_TYPE = YES_ERROR;
				GCC_WARN_UNDECLARED_SELECTOR = YES;
				GCC_WARN_UNINITIALIZED_AUTOS = YES_AGGRESSIVE;
				GCC_WARN_UNUSED_FUNCTION = YES;
				GCC_WARN_UNUSED_VARIABLE = YES;
				IPHONEOS_DEPLOYMENT_TARGET = 26.0;
				MTL_ENABLE_DEBUG_INFO = NO;
				MTL_FAST_MATH = YES;
				PRODUCT_NAME = "$(TARGET_NAME)";
				SDKROOT = iphoneos;
				SWIFT_COMPILATION_MODE = wholemodule;
				SWIFT_OPTIMIZATION_LEVEL = "-O";
				SWIFT_VERSION = 5.0;
				TARGETED_DEVICE_FAMILY = 1;
			};
			name = Release;
		};
/* End XCBuildConfiguration section */

/* Begin XCConfigurationList section */
		00866C12736497913E69330D /* Build configuration list for PBXNativeTarget "Markflow" */ = {
			isa = XCConfigurationList;
			buildConfigurations = (
				5AC59CD9CBFF1AACCD470D1D /* Debug */,
				6E6D252C4969A052D8D13B8F /* Release */,
			);
			defaultConfigurationIsVisible = 0;
			defaultConfigurationName = Debug;
		};
		802891772E05CEC2F031AA7E /* Build configuration list for PBXProject "Markflow" */ = {
			isa = XCConfigurationList;
			buildConfigurations = (
				361986C6E2C65E919F561465 /* Debug */,
				CA03214ABBEA8ECE09412065 /* Release */,
			);
			defaultConfigurationIsVisible = 0;
			defaultConfigurationName = Debug;
		};
/* End XCConfigurationList section */
	};
	rootObject = B4A443FCD5BE656F34D635D5 /* Project object */;
}
