// !$*UTF8*$!
{
	archiveVersion = 1;
	classes = {
	};
	objectVersion = 77;
	objects = {

/* Begin PBXBuildFile section */
		03D4CED30F30FEFE88259589 /* preview.html in Resources */ = {isa = PBXBuildFile; fileRef = 1548C8F8D97FB6DE55C0973A /* preview.html */; };
		06283C523A7A830684AA078F /* marked.min.js in Resources */ = {isa = PBXBuildFile; fileRef = 1B18F870604C14D0F9353051 /* marked.min.js */; };
		4BC9A13FACFEC3320781F264 /* MDReaderApp.swift in Sources */ = {isa = PBXBuildFile; fileRef = EFF51D26C9FF45FFBA64FA3A /* MDReaderApp.swift */; };
		4CD51662D68AE09282CB7FB3 /* highlight-github.css in Resources */ = {isa = PBXBuildFile; fileRef = AC34BCD6D293863E3B42D005 /* highlight-github.css */; };
		69458412B6971594B2594D39 /* highlight.min.js in Resources */ = {isa = PBXBuildFile; fileRef = FE115710798405339FBBCBC6 /* highlight.min.js */; };
		78221D25FD5DD18DBF268AEB /* mermaid.min.js in Resources */ = {isa = PBXBuildFile; fileRef = D6C50D37B359F0EA57864CB8 /* mermaid.min.js */; };
		8422323526B3FF0D3679F8EB /* EditView.swift in Sources */ = {isa = PBXBuildFile; fileRef = C58D6226C32F1F955BB4E0DE /* EditView.swift */; };
		8BBF1D2F2411631A3FAFB905 /* DocumentView.swift in Sources */ = {isa = PBXBuildFile; fileRef = 90A0A2F286861321FBB6EACB /* DocumentView.swift */; };
		AF0E8EF379EB5C9C9C50235E /* MarkdownDocument.swift in Sources */ = {isa = PBXBuildFile; fileRef = CDC1B4EC9FD1A669FEE0C898 /* MarkdownDocument.swift */; };
		F0A42FC66BF4DA0A658D0768 /* highlight-github-dark.css in Resources */ = {isa = PBXBuildFile; fileRef = BEE1EAD52F6183F4A18BF5E9 /* highlight-github-dark.css */; };
		F345DA6A1C950C44FB79A1C3 /* PreviewView.swift in Sources */ = {isa = PBXBuildFile; fileRef = 116A0A6DFB39D7B8080EC808 /* PreviewView.swift */; };
/* End PBXBuildFile section */

/* Begin PBXFileReference section */
		116A0A6DFB39D7B8080EC808 /* PreviewView.swift */ = {isa = PBXFileReference; lastKnownFileType = sourcecode.swift; path = PreviewView.swift; sourceTree = "<group>"; };
		1548C8F8D97FB6DE55C0973A /* preview.html */ = {isa = PBXFileReference; lastKnownFileType = text.html; path = preview.html; sourceTree = "<group>"; };
		1B18F870604C14D0F9353051 /* marked.min.js */ = {isa = PBXFileReference; lastKnownFileType = sourcecode.javascript; path = marked.min.js; sourceTree = "<group>"; };
		53DED5154D56B7C28050E568 /* MDReader.app */ = {isa = PBXFileReference; includeInIndex = 0; lastKnownFileType = wrapper.application; path = MDReader.app; sourceTree = BUILT_PRODUCTS_DIR; };
		90A0A2F286861321FBB6EACB /* DocumentView.swift */ = {isa = PBXFileReference; lastKnownFileType = sourcecode.swift; path = DocumentView.swift; sourceTree = "<group>"; };
		AC34BCD6D293863E3B42D005 /* highlight-github.css */ = {isa = PBXFileReference; lastKnownFileType = text.css; path = "highlight-github.css"; sourceTree = "<group>"; };
		BEE1EAD52F6183F4A18BF5E9 /* highlight-github-dark.css */ = {isa = PBXFileReference; lastKnownFileType = text.css; path = "highlight-github-dark.css"; sourceTree = "<group>"; };
		C58D6226C32F1F955BB4E0DE /* EditView.swift */ = {isa = PBXFileReference; lastKnownFileType = sourcecode.swift; path = EditView.swift; sourceTree = "<group>"; };
		CDC1B4EC9FD1A669FEE0C898 /* MarkdownDocument.swift */ = {isa = PBXFileReference; lastKnownFileType = sourcecode.swift; path = MarkdownDocument.swift; sourceTree = "<group>"; };
		D2E0B10A23AE4496C09637D9 /* Info.plist */ = {isa = PBXFileReference; lastKnownFileType = text.plist; path = Info.plist; sourceTree = "<group>"; };
		D6C50D37B359F0EA57864CB8 /* mermaid.min.js */ = {isa = PBXFileReference; lastKnownFileType = sourcecode.javascript; path = mermaid.min.js; sourceTree = "<group>"; };
		EFF51D26C9FF45FFBA64FA3A /* MDReaderApp.swift */ = {isa = PBXFileReference; lastKnownFileType = sourcecode.swift; path = MDReaderApp.swift; sourceTree = "<group>"; };
		FE115710798405339FBBCBC6 /* highlight.min.js */ = {isa = PBXFileReference; lastKnownFileType = sourcecode.javascript; path = highlight.min.js; sourceTree = "<group>"; };
/* End PBXFileReference section */

/* Begin PBXGroup section */
		712726D41F10E7970879CFFD /* Products */ = {
			isa = PBXGroup;
			children = (
				53DED5154D56B7C28050E568 /* MDReader.app */,
			);
			name = Products;
			sourceTree = "<group>";
		};
		88ABB4D75C27212A5F8EBF95 = {
			isa = PBXGroup;
			children = (
				94A7CD4F39A48B20E1CEA966 /* MDReader */,
				712726D41F10E7970879CFFD /* Products */,
			);
			sourceTree = "<group>";
		};
		8C325B4AA582D1F788D7F9C7 /* Views */ = {
			isa = PBXGroup;
			children = (
				90A0A2F286861321FBB6EACB /* DocumentView.swift */,
				C58D6226C32F1F955BB4E0DE /* EditView.swift */,
				116A0A6DFB39D7B8080EC808 /* PreviewView.swift */,
			);
			path = Views;
			sourceTree = "<group>";
		};
		94A7CD4F39A48B20E1CEA966 /* MDReader */ = {
			isa = PBXGroup;
			children = (
				D2E0B10A23AE4496C09637D9 /* Info.plist */,
				CDC1B4EC9FD1A669FEE0C898 /* MarkdownDocument.swift */,
				EFF51D26C9FF45FFBA64FA3A /* MDReaderApp.swift */,
				DCC8CD2A3A6832FAA2F6194F /* Resources */,
				8C325B4AA582D1F788D7F9C7 /* Views */,
			);
			path = MDReader;
			sourceTree = "<group>";
		};
		DCC8CD2A3A6832FAA2F6194F /* Resources */ = {
			isa = PBXGroup;
			children = (
				BEE1EAD52F6183F4A18BF5E9 /* highlight-github-dark.css */,
				AC34BCD6D293863E3B42D005 /* highlight-github.css */,
				FE115710798405339FBBCBC6 /* highlight.min.js */,
				1B18F870604C14D0F9353051 /* marked.min.js */,
				D6C50D37B359F0EA57864CB8 /* mermaid.min.js */,
				1548C8F8D97FB6DE55C0973A /* preview.html */,
			);
			path = Resources;
			sourceTree = "<group>";
		};
/* End PBXGroup section */

/* Begin PBXNativeTarget section */
		63E7C78D8DCA6EAF62D87CF6 /* MDReader */ = {
			isa = PBXNativeTarget;
			buildConfigurationList = E840C51A152FDA84291957F3 /* Build configuration list for PBXNativeTarget "MDReader" */;
			buildPhases = (
				047964FB428C0CB56914C72C /* Sources */,
				99C7912BE2BE3079AB963CE9 /* Resources */,
			);
			buildRules = (
			);
			dependencies = (
			);
			name = MDReader;
			packageProductDependencies = (
			);
			productName = MDReader;
			productReference = 53DED5154D56B7C28050E568 /* MDReader.app */;
			productType = "com.apple.product-type.application";
		};
/* End PBXNativeTarget section */

/* Begin PBXProject section */
		76EC3ADC013A96C46922A949 /* Project object */ = {
			isa = PBXProject;
			attributes = {
				BuildIndependentTargetsInParallel = YES;
				LastUpgradeCheck = 1430;
				TargetAttributes = {
					63E7C78D8DCA6EAF62D87CF6 = {
						DevelopmentTeam = 3KBA253B3F;
						ProvisioningStyle = Automatic;
					};
				};
			};
			buildConfigurationList = 074FFE001917894C6F73D73E /* Build configuration list for PBXProject "MDReader" */;
			compatibilityVersion = "Xcode 14.0";
			developmentRegion = en;
			hasScannedForEncodings = 0;
			knownRegions = (
				Base,
				en,
			);
			mainGroup = 88ABB4D75C27212A5F8EBF95;
			minimizedProjectReferenceProxies = 1;
			preferredProjectObjectVersion = 77;
			projectDirPath = "";
			projectRoot = "";
			targets = (
				63E7C78D8DCA6EAF62D87CF6 /* MDReader */,
			);
		};
/* End PBXProject section */

/* Begin PBXResourcesBuildPhase section */
		99C7912BE2BE3079AB963CE9 /* Resources */ = {
			isa = PBXResourcesBuildPhase;
			buildActionMask = 2147483647;
			files = (
				F0A42FC66BF4DA0A658D0768 /* highlight-github-dark.css in Resources */,
				4CD51662D68AE09282CB7FB3 /* highlight-github.css in Resources */,
				69458412B6971594B2594D39 /* highlight.min.js in Resources */,
				06283C523A7A830684AA078F /* marked.min.js in Resources */,
				78221D25FD5DD18DBF268AEB /* mermaid.min.js in Resources */,
				03D4CED30F30FEFE88259589 /* preview.html in Resources */,
			);
			runOnlyForDeploymentPostprocessing = 0;
		};
/* End PBXResourcesBuildPhase section */

/* Begin PBXSourcesBuildPhase section */
		047964FB428C0CB56914C72C /* Sources */ = {
			isa = PBXSourcesBuildPhase;
			buildActionMask = 2147483647;
			files = (
				8BBF1D2F2411631A3FAFB905 /* DocumentView.swift in Sources */,
				8422323526B3FF0D3679F8EB /* EditView.swift in Sources */,
				4BC9A13FACFEC3320781F264 /* MDReaderApp.swift in Sources */,
				AF0E8EF379EB5C9C9C50235E /* MarkdownDocument.swift in Sources */,
				F345DA6A1C950C44FB79A1C3 /* PreviewView.swift in Sources */,
			);
			runOnlyForDeploymentPostprocessing = 0;
		};
/* End PBXSourcesBuildPhase section */

/* Begin XCBuildConfiguration section */
		0EA3FF3494C3712E77B2B078 /* Debug */ = {
			isa = XCBuildConfiguration;
			buildSettings = {
				ALWAYS_SEARCH_USER_PATHS = NO;
				CLANG_ANALYZER_NONNULL = YES;
				CLANG_ANALYZER_NUMBER_OBJECT_CONVERSION = YES_AGGRESSIVE;
				CLANG_CXX_LANGUAGE_STANDARD = "gnu++14";
				CLANG_CXX_LIBRARY = "libc++";
				CLANG_ENABLE_MODULES = YES;
				CLANG_ENABLE_OBJC_ARC = YES;
				CLANG_ENABLE_OBJC_WEAK = YES;
				CLANG_WARN_BLOCK_CAPTURE_AUTORELEASING = YES;
				CLANG_WARN_BOOL_CONVERSION = YES;
				CLANG_WARN_COMMA = YES;
				CLANG_WARN_CONSTANT_CONVERSION = YES;
				CLANG_WARN_DEPRECATED_OBJC_IMPLEMENTATIONS = YES;
				CLANG_WARN_DIRECT_OBJC_ISA_USAGE = YES_ERROR;
				CLANG_WARN_DOCUMENTATION_COMMENTS = YES;
				CLANG_WARN_EMPTY_BODY = YES;
				CLANG_WARN_ENUM_CONVERSION = YES;
				CLANG_WARN_INFINITE_RECURSION = YES;
				CLANG_WARN_INT_CONVERSION = YES;
				CLANG_WARN_NON_LITERAL_NULL_CONVERSION = YES;
				CLANG_WARN_OBJC_IMPLICIT_RETAIN_SELF = YES;
				CLANG_WARN_OBJC_LITERAL_CONVERSION = YES;
				CLANG_WARN_OBJC_ROOT_CLASS = YES_ERROR;
				CLANG_WARN_QUOTED_INCLUDE_IN_FRAMEWORK_HEADER = YES;
				CLANG_WARN_RANGE_LOOP_ANALYSIS = YES;
				CLANG_WARN_STRICT_PROTOTYPES = YES;
				CLANG_WARN_SUSPICIOUS_MOVE = YES;
				CLANG_WARN_UNGUARDED_AVAILABILITY = YES_AGGRESSIVE;
				CLANG_WARN_UNREACHABLE_CODE = YES;
				CLANG_WARN__DUPLICATE_METHOD_MATCH = YES;
				CODE_SIGN_STYLE = Automatic;
				COPY_PHASE_STRIP = NO;
				DEBUG_INFORMATION_FORMAT = dwarf;
				DEVELOPMENT_TEAM = 3KBA253B3F;
				ENABLE_STRICT_OBJC_MSGSEND = YES;
				ENABLE_TESTABILITY = YES;
				ENABLE_USER_SCRIPT_SANDBOXING = YES;
				GCC_C_LANGUAGE_STANDARD = gnu11;
				GCC_DYNAMIC_NO_PIC = NO;
				GCC_NO_COMMON_BLOCKS = YES;
				GCC_OPTIMIZATION_LEVEL = 0;
				GCC_PREPROCESSOR_DEFINITIONS = (
					"$(inherited)",
					"DEBUG=1",
				);
				GCC_WARN_64_TO_32_BIT_CONVERSION = YES;
				GCC_WARN_ABOUT_RETURN_TYPE = YES_ERROR;
				GCC_WARN_UNDECLARED_SELECTOR = YES;
				GCC_WARN_UNINITIALIZED_AUTOS = YES_AGGRESSIVE;
				GCC_WARN_UNUSED_FUNCTION = YES;
				GCC_WARN_UNUSED_VARIABLE = YES;
				IPHONEOS_DEPLOYMENT_TARGET = 26.0;
				MTL_ENABLE_DEBUG_INFO = INCLUDE_SOURCE;
				MTL_FAST_MATH = YES;
				ONLY_ACTIVE_ARCH = YES;
				PRODUCT_NAME = "$(TARGET_NAME)";
				SDKROOT = iphoneos;
				SWIFT_ACTIVE_COMPILATION_CONDITIONS = DEBUG;
				SWIFT_OPTIMIZATION_LEVEL = "-Onone";
				SWIFT_VERSION = 5.0;
				TARGETED_DEVICE_FAMILY = 1;
			};
			name = Debug;
		};
		1843F0856ADA9B82446E16DC /* Release */ = {
			isa = XCBuildConfiguration;
			buildSettings = {
				ASSETCATALOG_COMPILER_APPICON_NAME = AppIcon;
				CODE_SIGN_IDENTITY = "iPhone Developer";
				CURRENT_PROJECT_VERSION = 1;
				GENERATE_INFOPLIST_FILE = NO;
				INFOPLIST_FILE = MDReader/Info.plist;
				LD_RUNPATH_SEARCH_PATHS = (
					"$(inherited)",
					"@executable_path/Frameworks",
				);
				MARKETING_VERSION = 0.1.0;
				PRODUCT_BUNDLE_IDENTIFIER = com.san.mdreader;
				SDKROOT = iphoneos;
				TARGETED_DEVICE_FAMILY = "1,2";
			};
			name = Release;
		};
		1D609AEBC5D2A40B286E3490 /* Release */ = {
			isa = XCBuildConfiguration;
			buildSettings = {
				ALWAYS_SEARCH_USER_PATHS = NO;
				CLANG_ANALYZER_NONNULL = YES;
				CLANG_ANALYZER_NUMBER_OBJECT_CONVERSION = YES_AGGRESSIVE;
				CLANG_CXX_LANGUAGE_STANDARD = "gnu++14";
				CLANG_CXX_LIBRARY = "libc++";
				CLANG_ENABLE_MODULES = YES;
				CLANG_ENABLE_OBJC_ARC = YES;
				CLANG_ENABLE_OBJC_WEAK = YES;
				CLANG_WARN_BLOCK_CAPTURE_AUTORELEASING = YES;
				CLANG_WARN_BOOL_CONVERSION = YES;
				CLANG_WARN_COMMA = YES;
				CLANG_WARN_CONSTANT_CONVERSION = YES;
				CLANG_WARN_DEPRECATED_OBJC_IMPLEMENTATIONS = YES;
				CLANG_WARN_DIRECT_OBJC_ISA_USAGE = YES_ERROR;
				CLANG_WARN_DOCUMENTATION_COMMENTS = YES;
				CLANG_WARN_EMPTY_BODY = YES;
				CLANG_WARN_ENUM_CONVERSION = YES;
				CLANG_WARN_INFINITE_RECURSION = YES;
				CLANG_WARN_INT_CONVERSION = YES;
				CLANG_WARN_NON_LITERAL_NULL_CONVERSION = YES;
				CLANG_WARN_OBJC_IMPLICIT_RETAIN_SELF = YES;
				CLANG_WARN_OBJC_LITERAL_CONVERSION = YES;
				CLANG_WARN_OBJC_ROOT_CLASS = YES_ERROR;
				CLANG_WARN_QUOTED_INCLUDE_IN_FRAMEWORK_HEADER = YES;
				CLANG_WARN_RANGE_LOOP_ANALYSIS = YES;
				CLANG_WARN_STRICT_PROTOTYPES = YES;
				CLANG_WARN_SUSPICIOUS_MOVE = YES;
				CLANG_WARN_UNGUARDED_AVAILABILITY = YES_AGGRESSIVE;
				CLANG_WARN_UNREACHABLE_CODE = YES;
				CLANG_WARN__DUPLICATE_METHOD_MATCH = YES;
				CODE_SIGN_STYLE = Automatic;
				COPY_PHASE_STRIP = NO;
				DEBUG_INFORMATION_FORMAT = "dwarf-with-dsym";
				DEVELOPMENT_TEAM = 3KBA253B3F;
				ENABLE_NS_ASSERTIONS = NO;
				ENABLE_STRICT_OBJC_MSGSEND = YES;
				ENABLE_USER_SCRIPT_SANDBOXING = YES;
				GCC_C_LANGUAGE_STANDARD = gnu11;
				GCC_NO_COMMON_BLOCKS = YES;
				GCC_WARN_64_TO_32_BIT_CONVERSION = YES;
				GCC_WARN_ABOUT_RETURN_TYPE = YES_ERROR;
				GCC_WARN_UNDECLARED_SELECTOR = YES;
				GCC_WARN_UNINITIALIZED_AUTOS = YES_AGGRESSIVE;
				GCC_WARN_UNUSED_FUNCTION = YES;
				GCC_WARN_UNUSED_VARIABLE = YES;
				IPHONEOS_DEPLOYMENT_TARGET = 26.0;
				MTL_ENABLE_DEBUG_INFO = NO;
				MTL_FAST_MATH = YES;
				PRODUCT_NAME = "$(TARGET_NAME)";
				SDKROOT = iphoneos;
				SWIFT_COMPILATION_MODE = wholemodule;
				SWIFT_OPTIMIZATION_LEVEL = "-O";
				SWIFT_VERSION = 5.0;
				TARGETED_DEVICE_FAMILY = 1;
			};
			name = Release;
		};
		A87B861879493E08C4D36D98 /* Debug */ = {
			isa = XCBuildConfiguration;
			buildSettings = {
				ASSETCATALOG_COMPILER_APPICON_NAME = AppIcon;
				CODE_SIGN_IDENTITY = "iPhone Developer";
				CURRENT_PROJECT_VERSION = 1;
				GENERATE_INFOPLIST_FILE = NO;
				INFOPLIST_FILE = MDReader/Info.plist;
				LD_RUNPATH_SEARCH_PATHS = (
					"$(inherited)",
					"@executable_path/Frameworks",
				);
				MARKETING_VERSION = 0.1.0;
				PRODUCT_BUNDLE_IDENTIFIER = com.san.mdreader;
				SDKROOT = iphoneos;
				TARGETED_DEVICE_FAMILY = "1,2";
			};
			name = Debug;
		};
/* End XCBuildConfiguration section */

/* Begin XCConfigurationList section */
		074FFE001917894C6F73D73E /* Build configuration list for PBXProject "MDReader" */ = {
			isa = XCConfigurationList;
			buildConfigurations = (
				0EA3FF3494C3712E77B2B078 /* Debug */,
				1D609AEBC5D2A40B286E3490 /* Release */,
			);
			defaultConfigurationIsVisible = 0;
			defaultConfigurationName = Debug;
		};
		E840C51A152FDA84291957F3 /* Build configuration list for PBXNativeTarget "MDReader" */ = {
			isa = XCConfigurationList;
			buildConfigurations = (
				A87B861879493E08C4D36D98 /* Debug */,
				1843F0856ADA9B82446E16DC /* Release */,
			);
			defaultConfigurationIsVisible = 0;
			defaultConfigurationName = Debug;
		};
/* End XCConfigurationList section */
	};
	rootObject = 76EC3ADC013A96C46922A949 /* Project object */;
}
